// !$*UTF8*$!
{
	archiveVersion = 1;
	classes = {
	};
	objectVersion = 56;
	objects = {

/* Begin PBXBuildFile section */
		14074E5D29AE006800E98097 /* main.swift in Sources */ = {isa = PBXBuildFile; fileRef = 14074E5C29AE006800E98097 /* main.swift */; };
		14074E6629AE046900E98097 /* Simple.swift in Sources */ = {isa = PBXBuildFile; fileRef = 14074E6529AE046900E98097 /* Simple.swift */; };
		14074E6829AE047500E98097 /* Medium.swift in Sources */ = {isa = PBXBuildFile; fileRef = 14074E6729AE047500E98097 /* Medium.swift */; };
		14074E6A29AE048000E98097 /* Difficult.swift in Sources */ = {isa = PBXBuildFile; fileRef = 14074E6929AE048000E98097 /* Difficult.swift */; };
		14074E7629AE055000E98097 /* Simple.swift in Sources */ = {isa = PBXBuildFile; fileRef = 14074E6529AE046900E98097 /* Simple.swift */; };
		14074E7729AE055000E98097 /* Medium.swift in Sources */ = {isa = PBXBuildFile; fileRef = 14074E6729AE047500E98097 /* Medium.swift */; };
		14074E7829AE055000E98097 /* Difficult.swift in Sources */ = {isa = PBXBuildFile; fileRef = 14074E6929AE048000E98097 /* Difficult.swift */; };
		14074E7A29AE05AD00E98097 /* SimpleTestting.swift in Sources */ = {isa = PBXBuildFile; fileRef = 14074E7929AE05AD00E98097 /* SimpleTestting.swift */; };
		14074E7C29AE064D00E98097 /* MediumTestting.swift in Sources */ = {isa = PBXBuildFile; fileRef = 14074E7B29AE064D00E98097 /* MediumTestting.swift */; };
		14074E7E29AE066B00E98097 /* DifficultTestting.swift in Sources */ = {isa = PBXBuildFile; fileRef = 14074E7D29AE066B00E98097 /* DifficultTestting.swift */; };
/* End PBXBuildFile section */

/* Begin PBXCopyFilesBuildPhase section */
		14074E5729AE006800E98097 /* CopyFiles */ = {
			isa = PBXCopyFilesBuildPhase;
			buildActionMask = 2147483647;
			dstPath = /usr/share/man/man1/;
			dstSubfolderSpec = 0;
			files = (
			);
			runOnlyForDeploymentPostprocessing = 1;
		};
/* End PBXCopyFilesBuildPhase section */

/* Begin PBXFileReference section */
		14074E5929AE006800E98097 /* LeetCode-Tencent */ = {isa = PBXFileReference; explicitFileType = "compiled.mach-o.executable"; includeInIndex = 0; path = "LeetCode-Tencent"; sourceTree = BUILT_PRODUCTS_DIR; };
		14074E5C29AE006800E98097 /* main.swift */ = {isa = PBXFileReference; lastKnownFileType = sourcecode.swift; path = main.swift; sourceTree = "<group>"; };
		14074E6529AE046900E98097 /* Simple.swift */ = {isa = PBXFileReference; lastKnownFileType = sourcecode.swift; path = Simple.swift; sourceTree = "<group>"; };
		14074E6729AE047500E98097 /* Medium.swift */ = {isa = PBXFileReference; lastKnownFileType = sourcecode.swift; path = Medium.swift; sourceTree = "<group>"; };
		14074E6929AE048000E98097 /* Difficult.swift */ = {isa = PBXFileReference; lastKnownFileType = sourcecode.swift; path = Difficult.swift; sourceTree = "<group>"; };
		14074E6F29AE053800E98097 /* LeetCode-Tencent-testting.xctest */ = {isa = PBXFileReference; explicitFileType = wrapper.cfbundle; includeInIndex = 0; path = "LeetCode-Tencent-testting.xctest"; sourceTree = BUILT_PRODUCTS_DIR; };
		14074E7929AE05AD00E98097 /* SimpleTestting.swift */ = {isa = PBXFileReference; lastKnownFileType = sourcecode.swift; path = SimpleTestting.swift; sourceTree = "<group>"; };
		14074E7B29AE064D00E98097 /* MediumTestting.swift */ = {isa = PBXFileReference; lastKnownFileType = sourcecode.swift; path = MediumTestting.swift; sourceTree = "<group>"; };
		14074E7D29AE066B00E98097 /* DifficultTestting.swift */ = {isa = PBXFileReference; lastKnownFileType = sourcecode.swift; path = DifficultTestting.swift; sourceTree = "<group>"; };
/* End PBXFileReference section */

/* Begin PBXFrameworksBuildPhase section */
		14074E5629AE006800E98097 /* Frameworks */ = {
			isa = PBXFrameworksBuildPhase;
			buildActionMask = 2147483647;
			files = (
			);
			runOnlyForDeploymentPostprocessing = 0;
		};
		14074E6C29AE053800E98097 /* Frameworks */ = {
			isa = PBXFrameworksBuildPhase;
			buildActionMask = 2147483647;
			files = (
			);
			runOnlyForDeploymentPostprocessing = 0;
		};
/* End PBXFrameworksBuildPhase section */

/* Begin PBXGroup section */
		14074E5029AE006800E98097 = {
			isa = PBXGroup;
			children = (
				14074E5B29AE006800E98097 /* LeetCode-Tencent */,
				14074E7029AE053800E98097 /* LeetCode-Tencent-testting */,
				14074E5A29AE006800E98097 /* Products */,
			);
			sourceTree = "<group>";
		};
		14074E5A29AE006800E98097 /* Products */ = {
			isa = PBXGroup;
			children = (
				14074E5929AE006800E98097 /* LeetCode-Tencent */,
				14074E6F29AE053800E98097 /* LeetCode-Tencent-testting.xctest */,
			);
			name = Products;
			sourceTree = "<group>";
		};
		14074E5B29AE006800E98097 /* LeetCode-Tencent */ = {
			isa = PBXGroup;
			children = (
				14074E5C29AE006800E98097 /* main.swift */,
				14074E6529AE046900E98097 /* Simple.swift */,
				14074E6729AE047500E98097 /* Medium.swift */,
				14074E6929AE048000E98097 /* Difficult.swift */,
			);
			path = "LeetCode-Tencent";
			sourceTree = "<group>";
		};
		14074E7029AE053800E98097 /* LeetCode-Tencent-testting */ = {
			isa = PBXGroup;
			children = (
				14074E7929AE05AD00E98097 /* SimpleTestting.swift */,
				14074E7B29AE064D00E98097 /* MediumTestting.swift */,
				14074E7D29AE066B00E98097 /* DifficultTestting.swift */,
			);
			path = "LeetCode-Tencent-testting";
			sourceTree = "<group>";
		};
/* End PBXGroup section */

/* Begin PBXNativeTarget section */
		14074E5829AE006800E98097 /* LeetCode-Tencent */ = {
			isa = PBXNativeTarget;
			buildConfigurationList = 14074E6029AE006800E98097 /* Build configuration list for PBXNativeTarget "LeetCode-Tencent" */;
			buildPhases = (
				14074E5529AE006800E98097 /* Sources */,
				14074E5629AE006800E98097 /* Frameworks */,
				14074E5729AE006800E98097 /* CopyFiles */,
			);
			buildRules = (
			);
			dependencies = (
			);
			name = "LeetCode-Tencent";
			productName = "LeetCode-Tencent";
			productReference = 14074E5929AE006800E98097 /* LeetCode-Tencent */;
			productType = "com.apple.product-type.tool";
		};
		14074E6E29AE053800E98097 /* LeetCode-Tencent-testting */ = {
			isa = PBXNativeTarget;
			buildConfigurationList = 14074E7329AE053800E98097 /* Build configuration list for PBXNativeTarget "LeetCode-Tencent-testting" */;
			buildPhases = (
				14074E6B29AE053800E98097 /* Sources */,
				14074E6C29AE053800E98097 /* Frameworks */,
				14074E6D29AE053800E98097 /* Resources */,
			);
			buildRules = (
			);
			dependencies = (
			);
			name = "LeetCode-Tencent-testting";
			productName = "LeetCode-Tencent-testting";
			productReference = 14074E6F29AE053800E98097 /* LeetCode-Tencent-testting.xctest */;
			productType = "com.apple.product-type.bundle.unit-test";
		};
/* End PBXNativeTarget section */

/* Begin PBXProject section */
		14074E5129AE006800E98097 /* Project object */ = {
			isa = PBXProject;
			attributes = {
				BuildIndependentTargetsInParallel = 1;
				LastSwiftUpdateCheck = 1420;
				LastUpgradeCheck = 1420;
				TargetAttributes = {
					14074E5829AE006800E98097 = {
						CreatedOnToolsVersion = 14.2;
					};
					14074E6E29AE053800E98097 = {
						CreatedOnToolsVersion = 14.2;
					};
				};
			};
			buildConfigurationList = 14074E5429AE006800E98097 /* Build configuration list for PBXProject "LeetCode-Tencent" */;
			compatibilityVersion = "Xcode 14.0";
			developmentRegion = en;
			hasScannedForEncodings = 0;
			knownRegions = (
				en,
				Base,
			);
			mainGroup = 14074E5029AE006800E98097;
			productRefGroup = 14074E5A29AE006800E98097 /* Products */;
			projectDirPath = "";
			projectRoot = "";
			targets = (
				14074E5829AE006800E98097 /* LeetCode-Tencent */,
				14074E6E29AE053800E98097 /* LeetCode-Tencent-testting */,
			);
		};
/* End PBXProject section */

/* Begin PBXResourcesBuildPhase section */
		14074E6D29AE053800E98097 /* Resources */ = {
			isa = PBXResourcesBuildPhase;
			buildActionMask = 2147483647;
			files = (
			);
			runOnlyForDeploymentPostprocessing = 0;
		};
/* End PBXResourcesBuildPhase section */

/* Begin PBXSourcesBuildPhase section */
		14074E5529AE006800E98097 /* Sources */ = {
			isa = PBXSourcesBuildPhase;
			buildActionMask = 2147483647;
			files = (
				14074E6A29AE048000E98097 /* Difficult.swift in Sources */,
				14074E5D29AE006800E98097 /* main.swift in Sources */,
				14074E6829AE047500E98097 /* Medium.swift in Sources */,
				14074E6629AE046900E98097 /* Simple.swift in Sources */,
			);
			runOnlyForDeploymentPostprocessing = 0;
		};
		14074E6B29AE053800E98097 /* Sources */ = {
			isa = PBXSourcesBuildPhase;
			buildActionMask = 2147483647;
			files = (
				14074E7A29AE05AD00E98097 /* SimpleTestting.swift in Sources */,
				14074E7629AE055000E98097 /* Simple.swift in Sources */,
				14074E7729AE055000E98097 /* Medium.swift in Sources */,
				14074E7829AE055000E98097 /* Difficult.swift in Sources */,
				14074E7E29AE066B00E98097 /* DifficultTestting.swift in Sources */,
				14074E7C29AE064D00E98097 /* MediumTestting.swift in Sources */,
			);
			runOnlyForDeploymentPostprocessing = 0;
		};
/* End PBXSourcesBuildPhase section */

/* Begin XCBuildConfiguration section */
		14074E5E29AE006800E98097 /* Debug */ = {
			isa = XCBuildConfiguration;
			buildSettings = {
				ALWAYS_SEARCH_USER_PATHS = NO;
				CLANG_ANALYZER_NONNULL = YES;
				CLANG_ANALYZER_NUMBER_OBJECT_CONVERSION = YES_AGGRESSIVE;
				CLANG_CXX_LANGUAGE_STANDARD = "gnu++20";
				CLANG_ENABLE_MODULES = YES;
				CLANG_ENABLE_OBJC_ARC = YES;
				CLANG_ENABLE_OBJC_WEAK = YES;
				CLANG_WARN_BLOCK_CAPTURE_AUTORELEASING = YES;
				CLANG_WARN_BOOL_CONVERSION = YES;
				CLANG_WARN_COMMA = YES;
				CLANG_WARN_CONSTANT_CONVERSION = YES;
				CLANG_WARN_DEPRECATED_OBJC_IMPLEMENTATIONS = YES;
				CLANG_WARN_DIRECT_OBJC_ISA_USAGE = YES_ERROR;
				CLANG_WARN_DOCUMENTATION_COMMENTS = YES;
				CLANG_WARN_EMPTY_BODY = YES;
				CLANG_WARN_ENUM_CONVERSION = YES;
				CLANG_WARN_INFINITE_RECURSION = YES;
				CLANG_WARN_INT_CONVERSION = YES;
				CLANG_WARN_NON_LITERAL_NULL_CONVERSION = YES;
				CLANG_WARN_OBJC_IMPLICIT_RETAIN_SELF = YES;
				CLANG_WARN_OBJC_LITERAL_CONVERSION = YES;
				CLANG_WARN_OBJC_ROOT_CLASS = YES_ERROR;
				CLANG_WARN_QUOTED_INCLUDE_IN_FRAMEWORK_HEADER = YES;
				CLANG_WARN_RANGE_LOOP_ANALYSIS = YES;
				CLANG_WARN_STRICT_PROTOTYPES = YES;
				CLANG_WARN_SUSPICIOUS_MOVE = YES;
				CLANG_WARN_UNGUARDED_AVAILABILITY = YES_AGGRESSIVE;
				CLANG_WARN_UNREACHABLE_CODE = YES;
				CLANG_WARN__DUPLICATE_METHOD_MATCH = YES;
				COPY_PHASE_STRIP = NO;
				DEBUG_INFORMATION_FORMAT = dwarf;
				ENABLE_STRICT_OBJC_MSGSEND = YES;
				ENABLE_TESTABILITY = YES;
				GCC_C_LANGUAGE_STANDARD = gnu11;
				GCC_DYNAMIC_NO_PIC = NO;
				GCC_NO_COMMON_BLOCKS = YES;
				GCC_OPTIMIZATION_LEVEL = 0;
				GCC_PREPROCESSOR_DEFINITIONS = (
					"DEBUG=1",
					"$(inherited)",
				);
				GCC_WARN_64_TO_32_BIT_CONVERSION = YES;
				GCC_WARN_ABOUT_RETURN_TYPE = YES_ERROR;
				GCC_WARN_UNDECLARED_SELECTOR = YES;
				GCC_WARN_UNINITIALIZED_AUTOS = YES_AGGRESSIVE;
				GCC_WARN_UNUSED_FUNCTION = YES;
				GCC_WARN_UNUSED_VARIABLE = YES;
				MACOSX_DEPLOYMENT_TARGET = 13.1;
				MTL_ENABLE_DEBUG_INFO = INCLUDE_SOURCE;
				MTL_FAST_MATH = YES;
				ONLY_ACTIVE_ARCH = YES;
				SDKROOT = macosx;
				SWIFT_ACTIVE_COMPILATION_CONDITIONS = DEBUG;
				SWIFT_OPTIMIZATION_LEVEL = "-Onone";
			};
			name = Debug;
		};
		14074E5F29AE006800E98097 /* Release */ = {
			isa = XCBuildConfiguration;
			buildSettings = {
				ALWAYS_SEARCH_USER_PATHS = NO;
				CLANG_ANALYZER_NONNULL = YES;
				CLANG_ANALYZER_NUMBER_OBJECT_CONVERSION = YES_AGGRESSIVE;
				CLANG_CXX_LANGUAGE_STANDARD = "gnu++20";
				CLANG_ENABLE_MODULES = YES;
				CLANG_ENABLE_OBJC_ARC = YES;
				CLANG_ENABLE_OBJC_WEAK = YES;
				CLANG_WARN_BLOCK_CAPTURE_AUTORELEASING = YES;
				CLANG_WARN_BOOL_CONVERSION = YES;
				CLANG_WARN_COMMA = YES;
				CLANG_WARN_CONSTANT_CONVERSION = YES;
				CLANG_WARN_DEPRECATED_OBJC_IMPLEMENTATIONS = YES;
				CLANG_WARN_DIRECT_OBJC_ISA_USAGE = YES_ERROR;
				CLANG_WARN_DOCUMENTATION_COMMENTS = YES;
				CLANG_WARN_EMPTY_BODY = YES;
				CLANG_WARN_ENUM_CONVERSION = YES;
				CLANG_WARN_INFINITE_RECURSION = YES;
				CLANG_WARN_INT_CONVERSION = YES;
				CLANG_WARN_NON_LITERAL_NULL_CONVERSION = YES;
				CLANG_WARN_OBJC_IMPLICIT_RETAIN_SELF = YES;
				CLANG_WARN_OBJC_LITERAL_CONVERSION = YES;
				CLANG_WARN_OBJC_ROOT_CLASS = YES_ERROR;
				CLANG_WARN_QUOTED_INCLUDE_IN_FRAMEWORK_HEADER = YES;
				CLANG_WARN_RANGE_LOOP_ANALYSIS = YES;
				CLANG_WARN_STRICT_PROTOTYPES = YES;
				CLANG_WARN_SUSPICIOUS_MOVE = YES;
				CLANG_WARN_UNGUARDED_AVAILABILITY = YES_AGGRESSIVE;
				CLANG_WARN_UNREACHABLE_CODE = YES;
				CLANG_WARN__DUPLICATE_METHOD_MATCH = YES;
				COPY_PHASE_STRIP = NO;
				DEBUG_INFORMATION_FORMAT = "dwarf-with-dsym";
				ENABLE_NS_ASSERTIONS = NO;
				ENABLE_STRICT_OBJC_MSGSEND = YES;
				GCC_C_LANGUAGE_STANDARD = gnu11;
				GCC_NO_COMMON_BLOCKS = YES;
				GCC_WARN_64_TO_32_BIT_CONVERSION = YES;
				GCC_WARN_ABOUT_RETURN_TYPE = YES_ERROR;
				GCC_WARN_UNDECLARED_SELECTOR = YES;
				GCC_WARN_UNINITIALIZED_AUTOS = YES_AGGRESSIVE;
				GCC_WARN_UNUSED_FUNCTION = YES;
				GCC_WARN_UNUSED_VARIABLE = YES;
				MACOSX_DEPLOYMENT_TARGET = 13.1;
				MTL_ENABLE_DEBUG_INFO = NO;
				MTL_FAST_MATH = YES;
				SDKROOT = macosx;
				SWIFT_COMPILATION_MODE = wholemodule;
				SWIFT_OPTIMIZATION_LEVEL = "-O";
			};
			name = Release;
		};
		14074E6129AE006800E98097 /* Debug */ = {
			isa = XCBuildConfiguration;
			buildSettings = {
				CODE_SIGN_STYLE = Automatic;
				DEVELOPMENT_TEAM = AMT9B7XN2Z;
				ENABLE_HARDENED_RUNTIME = YES;
				PRODUCT_NAME = "$(TARGET_NAME)";
				SWIFT_VERSION = 5.0;
			};
			name = Debug;
		};
		14074E6229AE006800E98097 /* Release */ = {
			isa = XCBuildConfiguration;
			buildSettings = {
				CODE_SIGN_STYLE = Automatic;
				DEVELOPMENT_TEAM = AMT9B7XN2Z;
				ENABLE_HARDENED_RUNTIME = YES;
				PRODUCT_NAME = "$(TARGET_NAME)";
				SWIFT_VERSION = 5.0;
			};
			name = Release;
		};
		14074E7429AE053800E98097 /* Debug */ = {
			isa = XCBuildConfiguration;
			buildSettings = {
				CODE_SIGN_STYLE = Automatic;
				CURRENT_PROJECT_VERSION = 1;
				DEVELOPMENT_TEAM = AMT9B7XN2Z;
				GENERATE_INFOPLIST_FILE = YES;
				MARKETING_VERSION = 1.0;
				PRODUCT_BUNDLE_IDENTIFIER = "com.cheng.LeetCode-Tencent-testting";
				PRODUCT_NAME = "$(TARGET_NAME)";
				SWIFT_EMIT_LOC_STRINGS = NO;
				SWIFT_VERSION = 5.0;
			};
			name = Debug;
		};
		14074E7529AE053800E98097 /* Release */ = {
			isa = XCBuildConfiguration;
			buildSettings = {
				CODE_SIGN_STYLE = Automatic;
				CURRENT_PROJECT_VERSION = 1;
				DEVELOPMENT_TEAM = AMT9B7XN2Z;
				GENERATE_INFOPLIST_FILE = YES;
				MARKETING_VERSION = 1.0;
				PRODUCT_BUNDLE_IDENTIFIER = "com.cheng.LeetCode-Tencent-testting";
				PRODUCT_NAME = "$(TARGET_NAME)";
				SWIFT_EMIT_LOC_STRINGS = NO;
				SWIFT_VERSION = 5.0;
			};
			name = Release;
		};
/* End XCBuildConfiguration section */

/* Begin XCConfigurationList section */
		14074E5429AE006800E98097 /* Build configuration list for PBXProject "LeetCode-Tencent" */ = {
			isa = XCConfigurationList;
			buildConfigurations = (
				14074E5E29AE006800E98097 /* Debug */,
				14074E5F29AE006800E98097 /* Release */,
			);
			defaultConfigurationIsVisible = 0;
			defaultConfigurationName = Release;
		};
		14074E6029AE006800E98097 /* Build configuration list for PBXNativeTarget "LeetCode-Tencent" */ = {
			isa = XCConfigurationList;
			buildConfigurations = (
				14074E6129AE006800E98097 /* Debug */,
				14074E6229AE006800E98097 /* Release */,
			);
			defaultConfigurationIsVisible = 0;
			defaultConfigurationName = Release;
		};
		14074E7329AE053800E98097 /* Build configuration list for PBXNativeTarget "LeetCode-Tencent-testting" */ = {
			isa = XCConfigurationList;
			buildConfigurations = (
				14074E7429AE053800E98097 /* Debug */,
				14074E7529AE053800E98097 /* Release */,
			);
			defaultConfigurationIsVisible = 0;
			defaultConfigurationName = Release;
		};
/* End XCConfigurationList section */
	};
	rootObject = 14074E5129AE006800E98097 /* Project object */;
}
